
Microsoft Visual Studio Solution File, Format Version 12.00
# Visual Studio Version 17
VisualStudioVersion = 17.10.35122.118
MinimumVisualStudioVersion = 10.0.40219.1
Project("{FAE04EC0-301F-11D3-BF4B-00C04F79EFBC}") = "Delegate", "Delegate\Delegate.csproj", "{755D857E-C8A2-4BB5-A516-F01A2A05AAC2}"
EndProject
Global
	GlobalSection(SolutionConfigurationPlatforms) = preSolution
		Debug|Any CPU = Debug|Any CPU
		Release|Any CPU = Release|Any CPU
	EndGlobalSection
	GlobalSection(ProjectConfigurationPlatforms) = postSolution
		{755D857E-C8A2-4BB5-A516-F01A2A05AAC2}.Debug|Any CPU.ActiveCfg = Debug|Any CPU
		{755D857E-C8A2-4BB5-A516-F01A2A05AAC2}.Debug|Any CPU.Build.0 = Debug|Any CPU
		{755D857E-C8A2-4BB5-A516-F01A2A05AAC2}.Release|Any CPU.ActiveCfg = Release|Any CPU
		{755D857E-C8A2-4BB5-A516-F01A2A05AAC2}.Release|Any CPU.Build.0 = Release|Any CPU
	EndGlobalSection
	GlobalSection(SolutionProperties) = preSolution
		HideSolutionNode = FALSE
	EndGlobalSection
	GlobalSection(ExtensibilityGlobals) = postSolution
		SolutionGuid = {7840831F-FFC8-4382-B949-A6A005E7020F}
	EndGlobalSection
EndGlobal
